
Microsoft Visual Studio Solution File, Format Version 12.00
# Visual Studio Version 17
VisualStudioVersion = 17.14.36401.2
MinimumVisualStudioVersion = 10.0.40219.1
Project("{8BC9CEB8-8B4A-11D0-8D11-00A0C91BC942}") = "lab-1.0.07-classes-and-objects-in-cpp", "MODULO 1\lab-1.0.07-classes-and-objects-in-cpp\lab-1.0.07-classes-and-objects-in-cpp.vcxproj", "{0853A967-2DF5-4993-9FCE-5A10815BB02B}"
EndProject
Project("{2150E333-8FDC-42A3-9474-1A3956D46DE8}") = "MODULO 1", "MODULO 1", "{02EA681E-C7D8-13C7-8484-4AC65E1B71E8}"
EndProject
Project("{8BC9CEB8-8B4A-11D0-8D11-00A0C91BC942}") = "lab-1.0.08-restricting-access-to-object-data", "MODULO 1\lab-1.0.08-restricting-access-to-object-data\lab-1.0.08-restricting-access-to-object-data.vcxproj", "{C21FBC9A-7B4A-424C-AA47-E741F0ACA763}"
EndProject
Project("{8BC9CEB8-8B4A-11D0-8D11-00A0C91BC942}") = "lab-1.0.09-obtaining-derived-data-from-an-object", "MODULO 1\lab-1.0.09-obtaining-derived-data-from-an-object\lab-1.0.09-obtaining-derived-data-from-an-object.vcxproj", "{FD3212C9-EC6D-4CC4-94D9-6EFF6F128194}"
EndProject
Project("{8BC9CEB8-8B4A-11D0-8D11-00A0C91BC942}") = "lab-1.0.10-classes-and-objects-shopitemorder", "MODULO 1\lab-1.0.10-classes-and-objects-shopitemorder\lab-1.0.10-classes-and-objects-shopitemorder.vcxproj", "{201BDB86-51AC-43C1-AF0C-D41E0B910819}"
EndProject
Project("{8BC9CEB8-8B4A-11D0-8D11-00A0C91BC942}") = "lab-1.2.12-flight-booking-system-p1", "MODULO 1\lab-1.2.12-flight-booking-system-p1\lab-1.2.12-flight-booking-system-p1.vcxproj", "{929CEF84-8E56-4DE0-B90E-1FFFB62E679D}"
EndProject
Project("{8BC9CEB8-8B4A-11D0-8D11-00A0C91BC942}") = "lab-1.2.13-flight-booking-system-p2", "MODULO 1\lab-1.2.13-flight-booking-system-p2\lab-1.2.13-flight-booking-system-p2.vcxproj", "{D290CE61-77DD-4FF0-BCC3-7FAF9EB97BF9}"
EndProject
Project("{8BC9CEB8-8B4A-11D0-8D11-00A0C91BC942}") = "lab-1.2.14-flight-booking-system-p3", "MODULO 1\lab-1.2.14-flight-booking-system-p3\lab-1.2.14-flight-booking-system-p3.vcxproj", "{05C706F1-403B-40F0-B0C4-D9A4703BD237}"
EndProject
Project("{8BC9CEB8-8B4A-11D0-8D11-00A0C91BC942}") = "lab-1.2.15-gym-membership-management-system", "MODULO 1\lab-1.2.15-gym-membership-management-system\lab-1.2.15-gym-membership-management-system.vcxproj", "{06746519-A8AE-48EE-ACB1-839770ECA636}"
EndProject
Project("{8BC9CEB8-8B4A-11D0-8D11-00A0C91BC942}") = "lab-1.2.16-modelling-fractions-p1", "MODULO 1\lab-1.2.16-modelling-fractions-p1\lab-1.2.16-modelling-fractions-p1.vcxproj", "{6DFE15A8-6188-43F0-8192-1C50C1A5EA42}"
EndProject
Project("{8BC9CEB8-8B4A-11D0-8D11-00A0C91BC942}") = "lab-1.2.17-modelling-fractions-p2", "MODULO 1\lab-1.2.17-modelling-fractions-p2\lab-1.2.17-modelling-fractions-p2.vcxproj", "{07746BD2-9BD1-4742-8033-8A29834972B9}"
EndProject
Project("{8BC9CEB8-8B4A-11D0-8D11-00A0C91BC942}") = "lab-1.2.18-modelling-fractions-p3", "MODULO 1\lab-1.2.18-modelling-fractions-p3\lab-1.2.18-modelling-fractions-p3.vcxproj", "{602DAAAD-7DBA-4608-8C17-9A02C1187E7E}"
EndProject
Project("{8BC9CEB8-8B4A-11D0-8D11-00A0C91BC942}") = "lab-1.2.19-points-in-2d-p1", "MODULO 1\lab-1.2.19-points-in-2d-p1\lab-1.2.19-points-in-2d-p1.vcxproj", "{57627465-4900-48A3-AEFA-BE9756B565C3}"
EndProject
Project("{8BC9CEB8-8B4A-11D0-8D11-00A0C91BC942}") = "lab-1.2.20-points-in-2d-p2", "MODULO 1\lab-1.2.20-points-in-2d-p2\lab-1.2.20-points-in-2d-p2.vcxproj", "{07FC238B-02A9-4B4B-9817-6219A3D7AB12}"
EndProject
Project("{8BC9CEB8-8B4A-11D0-8D11-00A0C91BC942}") = "lab-1.2.21-points-in-2d-p3", "MODULO 1\lab-1.2.21-points-in-2d-p3\lab-1.2.21-points-in-2d-p3.vcxproj", "{B8A4468F-69D0-4F0E-8433-8C3701B746DD}"
EndProject
Project("{8BC9CEB8-8B4A-11D0-8D11-00A0C91BC942}") = "lab-1.2.22-inheritance-basics-p1", "MODULO 1\lab-1.2.22-inheritance-basics-p1\lab-1.2.22-inheritance-basics-p1.vcxproj", "{380111B6-7297-4B25-BE27-D5D0499AEA09}"
EndProject
Project("{8BC9CEB8-8B4A-11D0-8D11-00A0C91BC942}") = "lab-1.2.23-inheritance-basics-p2", "MODULO 1\lab-1.2.23-inheritance-basics-p2\lab-1.2.23-inheritance-basics-p2.vcxproj", "{0A11D084-D570-44CE-B6DD-0F4E51441070}"
EndProject
Project("{8BC9CEB8-8B4A-11D0-8D11-00A0C91BC942}") = "lab-1.2.24-singly-linked-list-p1", "MODULO 1\lab-1.2.24-singly-linked-list-p1\lab-1.2.24-singly-linked-list-p1.vcxproj", "{F0FB097C-1DBE-46F3-86B3-4D91268E0F90}"
EndProject
Global
	GlobalSection(SolutionConfigurationPlatforms) = preSolution
		Debug|x64 = Debug|x64
		Debug|x86 = Debug|x86
		Release|x64 = Release|x64
		Release|x86 = Release|x86
	EndGlobalSection
	GlobalSection(ProjectConfigurationPlatforms) = postSolution
		{0853A967-2DF5-4993-9FCE-5A10815BB02B}.Debug|x64.ActiveCfg = Debug|x64
		{0853A967-2DF5-4993-9FCE-5A10815BB02B}.Debug|x64.Build.0 = Debug|x64
		{0853A967-2DF5-4993-9FCE-5A10815BB02B}.Debug|x86.ActiveCfg = Debug|Win32
		{0853A967-2DF5-4993-9FCE-5A10815BB02B}.Debug|x86.Build.0 = Debug|Win32
		{0853A967-2DF5-4993-9FCE-5A10815BB02B}.Release|x64.ActiveCfg = Release|x64
		{0853A967-2DF5-4993-9FCE-5A10815BB02B}.Release|x64.Build.0 = Release|x64
		{0853A967-2DF5-4993-9FCE-5A10815BB02B}.Release|x86.ActiveCfg = Release|Win32
		{0853A967-2DF5-4993-9FCE-5A10815BB02B}.Release|x86.Build.0 = Release|Win32
		{C21FBC9A-7B4A-424C-AA47-E741F0ACA763}.Debug|x64.ActiveCfg = Debug|x64
		{C21FBC9A-7B4A-424C-AA47-E741F0ACA763}.Debug|x64.Build.0 = Debug|x64
		{C21FBC9A-7B4A-424C-AA47-E741F0ACA763}.Debug|x86.ActiveCfg = Debug|Win32
		{C21FBC9A-7B4A-424C-AA47-E741F0ACA763}.Debug|x86.Build.0 = Debug|Win32
		{C21FBC9A-7B4A-424C-AA47-E741F0ACA763}.Release|x64.ActiveCfg = Release|x64
		{C21FBC9A-7B4A-424C-AA47-E741F0ACA763}.Release|x64.Build.0 = Release|x64
		{C21FBC9A-7B4A-424C-AA47-E741F0ACA763}.Release|x86.ActiveCfg = Release|Win32
		{C21FBC9A-7B4A-424C-AA47-E741F0ACA763}.Release|x86.Build.0 = Release|Win32
		{FD3212C9-EC6D-4CC4-94D9-6EFF6F128194}.Debug|x64.ActiveCfg = Debug|x64
		{FD3212C9-EC6D-4CC4-94D9-6EFF6F128194}.Debug|x64.Build.0 = Debug|x64
		{FD3212C9-EC6D-4CC4-94D9-6EFF6F128194}.Debug|x86.ActiveCfg = Debug|Win32
		{FD3212C9-EC6D-4CC4-94D9-6EFF6F128194}.Debug|x86.Build.0 = Debug|Win32
		{FD3212C9-EC6D-4CC4-94D9-6EFF6F128194}.Release|x64.ActiveCfg = Release|x64
		{FD3212C9-EC6D-4CC4-94D9-6EFF6F128194}.Release|x64.Build.0 = Release|x64
		{FD3212C9-EC6D-4CC4-94D9-6EFF6F128194}.Release|x86.ActiveCfg = Release|Win32
		{FD3212C9-EC6D-4CC4-94D9-6EFF6F128194}.Release|x86.Build.0 = Release|Win32
		{201BDB86-51AC-43C1-AF0C-D41E0B910819}.Debug|x64.ActiveCfg = Debug|x64
		{201BDB86-51AC-43C1-AF0C-D41E0B910819}.Debug|x64.Build.0 = Debug|x64
		{201BDB86-51AC-43C1-AF0C-D41E0B910819}.Debug|x86.ActiveCfg = Debug|Win32
		{201BDB86-51AC-43C1-AF0C-D41E0B910819}.Debug|x86.Build.0 = Debug|Win32
		{201BDB86-51AC-43C1-AF0C-D41E0B910819}.Release|x64.ActiveCfg = Release|x64
		{201BDB86-51AC-43C1-AF0C-D41E0B910819}.Release|x64.Build.0 = Release|x64
		{201BDB86-51AC-43C1-AF0C-D41E0B910819}.Release|x86.ActiveCfg = Release|Win32
		{201BDB86-51AC-43C1-AF0C-D41E0B910819}.Release|x86.Build.0 = Release|Win32
		{929CEF84-8E56-4DE0-B90E-1FFFB62E679D}.Debug|x64.ActiveCfg = Debug|x64
		{929CEF84-8E56-4DE0-B90E-1FFFB62E679D}.Debug|x64.Build.0 = Debug|x64
		{929CEF84-8E56-4DE0-B90E-1FFFB62E679D}.Debug|x86.ActiveCfg = Debug|Win32
		{929CEF84-8E56-4DE0-B90E-1FFFB62E679D}.Debug|x86.Build.0 = Debug|Win32
		{929CEF84-8E56-4DE0-B90E-1FFFB62E679D}.Release|x64.ActiveCfg = Release|x64
		{929CEF84-8E56-4DE0-B90E-1FFFB62E679D}.Release|x64.Build.0 = Release|x64
		{929CEF84-8E56-4DE0-B90E-1FFFB62E679D}.Release|x86.ActiveCfg = Release|Win32
		{929CEF84-8E56-4DE0-B90E-1FFFB62E679D}.Release|x86.Build.0 = Release|Win32
		{D290CE61-77DD-4FF0-BCC3-7FAF9EB97BF9}.Debug|x64.ActiveCfg = Debug|x64
		{D290CE61-77DD-4FF0-BCC3-7FAF9EB97BF9}.Debug|x64.Build.0 = Debug|x64
		{D290CE61-77DD-4FF0-BCC3-7FAF9EB97BF9}.Debug|x86.ActiveCfg = Debug|Win32
		{D290CE61-77DD-4FF0-BCC3-7FAF9EB97BF9}.Debug|x86.Build.0 = Debug|Win32
		{D290CE61-77DD-4FF0-BCC3-7FAF9EB97BF9}.Release|x64.ActiveCfg = Release|x64
		{D290CE61-77DD-4FF0-BCC3-7FAF9EB97BF9}.Release|x64.Build.0 = Release|x64
		{D290CE61-77DD-4FF0-BCC3-7FAF9EB97BF9}.Release|x86.ActiveCfg = Release|Win32
		{D290CE61-77DD-4FF0-BCC3-7FAF9EB97BF9}.Release|x86.Build.0 = Release|Win32
		{05C706F1-403B-40F0-B0C4-D9A4703BD237}.Debug|x64.ActiveCfg = Debug|x64
		{05C706F1-403B-40F0-B0C4-D9A4703BD237}.Debug|x64.Build.0 = Debug|x64
		{05C706F1-403B-40F0-B0C4-D9A4703BD237}.Debug|x86.ActiveCfg = Debug|Win32
		{05C706F1-403B-40F0-B0C4-D9A4703BD237}.Debug|x86.Build.0 = Debug|Win32
		{05C706F1-403B-40F0-B0C4-D9A4703BD237}.Release|x64.ActiveCfg = Release|x64
		{05C706F1-403B-40F0-B0C4-D9A4703BD237}.Release|x64.Build.0 = Release|x64
		{05C706F1-403B-40F0-B0C4-D9A4703BD237}.Release|x86.ActiveCfg = Release|Win32
		{05C706F1-403B-40F0-B0C4-D9A4703BD237}.Release|x86.Build.0 = Release|Win32
		{06746519-A8AE-48EE-ACB1-839770ECA636}.Debug|x64.ActiveCfg = Debug|x64
		{06746519-A8AE-48EE-ACB1-839770ECA636}.Debug|x64.Build.0 = Debug|x64
		{06746519-A8AE-48EE-ACB1-839770ECA636}.Debug|x86.ActiveCfg = Debug|Win32
		{06746519-A8AE-48EE-ACB1-839770ECA636}.Debug|x86.Build.0 = Debug|Win32
		{06746519-A8AE-48EE-ACB1-839770ECA636}.Release|x64.ActiveCfg = Release|x64
		{06746519-A8AE-48EE-ACB1-839770ECA636}.Release|x64.Build.0 = Release|x64
		{06746519-A8AE-48EE-ACB1-839770ECA636}.Release|x86.ActiveCfg = Release|Win32
		{06746519-A8AE-48EE-ACB1-839770ECA636}.Release|x86.Build.0 = Release|Win32
		{6DFE15A8-6188-43F0-8192-1C50C1A5EA42}.Debug|x64.ActiveCfg = Debug|x64
		{6DFE15A8-6188-43F0-8192-1C50C1A5EA42}.Debug|x64.Build.0 = Debug|x64
		{6DFE15A8-6188-43F0-8192-1C50C1A5EA42}.Debug|x86.ActiveCfg = Debug|Win32
		{6DFE15A8-6188-43F0-8192-1C50C1A5EA42}.Debug|x86.Build.0 = Debug|Win32
		{6DFE15A8-6188-43F0-8192-1C50C1A5EA42}.Release|x64.ActiveCfg = Release|x64
		{6DFE15A8-6188-43F0-8192-1C50C1A5EA42}.Release|x64.Build.0 = Release|x64
		{6DFE15A8-6188-43F0-8192-1C50C1A5EA42}.Release|x86.ActiveCfg = Release|Win32
		{6DFE15A8-6188-43F0-8192-1C50C1A5EA42}.Release|x86.Build.0 = Release|Win32
		{07746BD2-9BD1-4742-8033-8A29834972B9}.Debug|x64.ActiveCfg = Debug|x64
		{07746BD2-9BD1-4742-8033-8A29834972B9}.Debug|x64.Build.0 = Debug|x64
		{07746BD2-9BD1-4742-8033-8A29834972B9}.Debug|x86.ActiveCfg = Debug|Win32
		{07746BD2-9BD1-4742-8033-8A29834972B9}.Debug|x86.Build.0 = Debug|Win32
		{07746BD2-9BD1-4742-8033-8A29834972B9}.Release|x64.ActiveCfg = Release|x64
		{07746BD2-9BD1-4742-8033-8A29834972B9}.Release|x64.Build.0 = Release|x64
		{07746BD2-9BD1-4742-8033-8A29834972B9}.Release|x86.ActiveCfg = Release|Win32
		{07746BD2-9BD1-4742-8033-8A29834972B9}.Release|x86.Build.0 = Release|Win32
		{602DAAAD-7DBA-4608-8C17-9A02C1187E7E}.Debug|x64.ActiveCfg = Debug|x64
		{602DAAAD-7DBA-4608-8C17-9A02C1187E7E}.Debug|x64.Build.0 = Debug|x64
		{602DAAAD-7DBA-4608-8C17-9A02C1187E7E}.Debug|x86.ActiveCfg = Debug|Win32
		{602DAAAD-7DBA-4608-8C17-9A02C1187E7E}.Debug|x86.Build.0 = Debug|Win32
		{602DAAAD-7DBA-4608-8C17-9A02C1187E7E}.Release|x64.ActiveCfg = Release|x64
		{602DAAAD-7DBA-4608-8C17-9A02C1187E7E}.Release|x64.Build.0 = Release|x64
		{602DAAAD-7DBA-4608-8C17-9A02C1187E7E}.Release|x86.ActiveCfg = Release|Win32
		{602DAAAD-7DBA-4608-8C17-9A02C1187E7E}.Release|x86.Build.0 = Release|Win32
		{57627465-4900-48A3-AEFA-BE9756B565C3}.Debug|x64.ActiveCfg = Debug|x64
		{57627465-4900-48A3-AEFA-BE9756B565C3}.Debug|x64.Build.0 = Debug|x64
		{57627465-4900-48A3-AEFA-BE9756B565C3}.Debug|x86.ActiveCfg = Debug|Win32
		{57627465-4900-48A3-AEFA-BE9756B565C3}.Debug|x86.Build.0 = Debug|Win32
		{57627465-4900-48A3-AEFA-BE9756B565C3}.Release|x64.ActiveCfg = Release|x64
		{57627465-4900-48A3-AEFA-BE9756B565C3}.Release|x64.Build.0 = Release|x64
		{57627465-4900-48A3-AEFA-BE9756B565C3}.Release|x86.ActiveCfg = Release|Win32
		{57627465-4900-48A3-AEFA-BE9756B565C3}.Release|x86.Build.0 = Release|Win32
		{07FC238B-02A9-4B4B-9817-6219A3D7AB12}.Debug|x64.ActiveCfg = Debug|x64
		{07FC238B-02A9-4B4B-9817-6219A3D7AB12}.Debug|x64.Build.0 = Debug|x64
		{07FC238B-02A9-4B4B-9817-6219A3D7AB12}.Debug|x86.ActiveCfg = Debug|Win32
		{07FC238B-02A9-4B4B-9817-6219A3D7AB12}.Debug|x86.Build.0 = Debug|Win32
		{07FC238B-02A9-4B4B-9817-6219A3D7AB12}.Release|x64.ActiveCfg = Release|x64
		{07FC238B-02A9-4B4B-9817-6219A3D7AB12}.Release|x64.Build.0 = Release|x64
		{07FC238B-02A9-4B4B-9817-6219A3D7AB12}.Release|x86.ActiveCfg = Release|Win32
		{07FC238B-02A9-4B4B-9817-6219A3D7AB12}.Release|x86.Build.0 = Release|Win32
		{B8A4468F-69D0-4F0E-8433-8C3701B746DD}.Debug|x64.ActiveCfg = Debug|x64
		{B8A4468F-69D0-4F0E-8433-8C3701B746DD}.Debug|x64.Build.0 = Debug|x64
		{B8A4468F-69D0-4F0E-8433-8C3701B746DD}.Debug|x86.ActiveCfg = Debug|Win32
		{B8A4468F-69D0-4F0E-8433-8C3701B746DD}.Debug|x86.Build.0 = Debug|Win32
		{B8A4468F-69D0-4F0E-8433-8C3701B746DD}.Release|x64.ActiveCfg = Release|x64
		{B8A4468F-69D0-4F0E-8433-8C3701B746DD}.Release|x64.Build.0 = Release|x64
		{B8A4468F-69D0-4F0E-8433-8C3701B746DD}.Release|x86.ActiveCfg = Release|Win32
		{B8A4468F-69D0-4F0E-8433-8C3701B746DD}.Release|x86.Build.0 = Release|Win32
		{380111B6-7297-4B25-BE27-D5D0499AEA09}.Debug|x64.ActiveCfg = Debug|x64
		{380111B6-7297-4B25-BE27-D5D0499AEA09}.Debug|x64.Build.0 = Debug|x64
		{380111B6-7297-4B25-BE27-D5D0499AEA09}.Debug|x86.ActiveCfg = Debug|Win32
		{380111B6-7297-4B25-BE27-D5D0499AEA09}.Debug|x86.Build.0 = Debug|Win32
		{380111B6-7297-4B25-BE27-D5D0499AEA09}.Release|x64.ActiveCfg = Release|x64
		{380111B6-7297-4B25-BE27-D5D0499AEA09}.Release|x64.Build.0 = Release|x64
		{380111B6-7297-4B25-BE27-D5D0499AEA09}.Release|x86.ActiveCfg = Release|Win32
		{380111B6-7297-4B25-BE27-D5D0499AEA09}.Release|x86.Build.0 = Release|Win32
		{0A11D084-D570-44CE-B6DD-0F4E51441070}.Debug|x64.ActiveCfg = Debug|x64
		{0A11D084-D570-44CE-B6DD-0F4E51441070}.Debug|x64.Build.0 = Debug|x64
		{0A11D084-D570-44CE-B6DD-0F4E51441070}.Debug|x86.ActiveCfg = Debug|Win32
		{0A11D084-D570-44CE-B6DD-0F4E51441070}.Debug|x86.Build.0 = Debug|Win32
		{0A11D084-D570-44CE-B6DD-0F4E51441070}.Release|x64.ActiveCfg = Release|x64
		{0A11D084-D570-44CE-B6DD-0F4E51441070}.Release|x64.Build.0 = Release|x64
		{0A11D084-D570-44CE-B6DD-0F4E51441070}.Release|x86.ActiveCfg = Release|Win32
		{0A11D084-D570-44CE-B6DD-0F4E51441070}.Release|x86.Build.0 = Release|Win32
		{F0FB097C-1DBE-46F3-86B3-4D91268E0F90}.Debug|x64.ActiveCfg = Debug|x64
		{F0FB097C-1DBE-46F3-86B3-4D91268E0F90}.Debug|x64.Build.0 = Debug|x64
		{F0FB097C-1DBE-46F3-86B3-4D91268E0F90}.Debug|x86.ActiveCfg = Debug|Win32
		{F0FB097C-1DBE-46F3-86B3-4D91268E0F90}.Debug|x86.Build.0 = Debug|Win32
		{F0FB097C-1DBE-46F3-86B3-4D91268E0F90}.Release|x64.ActiveCfg = Release|x64
		{F0FB097C-1DBE-46F3-86B3-4D91268E0F90}.Release|x64.Build.0 = Release|x64
		{F0FB097C-1DBE-46F3-86B3-4D91268E0F90}.Release|x86.ActiveCfg = Release|Win32
		{F0FB097C-1DBE-46F3-86B3-4D91268E0F90}.Release|x86.Build.0 = Release|Win32
	EndGlobalSection
	GlobalSection(SolutionProperties) = preSolution
		HideSolutionNode = FALSE
	EndGlobalSection
	GlobalSection(NestedProjects) = preSolution
		{0853A967-2DF5-4993-9FCE-5A10815BB02B} = {02EA681E-C7D8-13C7-8484-4AC65E1B71E8}
		{C21FBC9A-7B4A-424C-AA47-E741F0ACA763} = {02EA681E-C7D8-13C7-8484-4AC65E1B71E8}
		{FD3212C9-EC6D-4CC4-94D9-6EFF6F128194} = {02EA681E-C7D8-13C7-8484-4AC65E1B71E8}
		{201BDB86-51AC-43C1-AF0C-D41E0B910819} = {02EA681E-C7D8-13C7-8484-4AC65E1B71E8}
		{929CEF84-8E56-4DE0-B90E-1FFFB62E679D} = {02EA681E-C7D8-13C7-8484-4AC65E1B71E8}
		{D290CE61-77DD-4FF0-BCC3-7FAF9EB97BF9} = {02EA681E-C7D8-13C7-8484-4AC65E1B71E8}
		{05C706F1-403B-40F0-B0C4-D9A4703BD237} = {02EA681E-C7D8-13C7-8484-4AC65E1B71E8}
		{06746519-A8AE-48EE-ACB1-839770ECA636} = {02EA681E-C7D8-13C7-8484-4AC65E1B71E8}
		{6DFE15A8-6188-43F0-8192-1C50C1A5EA42} = {02EA681E-C7D8-13C7-8484-4AC65E1B71E8}
		{07746BD2-9BD1-4742-8033-8A29834972B9} = {02EA681E-C7D8-13C7-8484-4AC65E1B71E8}
		{602DAAAD-7DBA-4608-8C17-9A02C1187E7E} = {02EA681E-C7D8-13C7-8484-4AC65E1B71E8}
		{57627465-4900-48A3-AEFA-BE9756B565C3} = {02EA681E-C7D8-13C7-8484-4AC65E1B71E8}
		{07FC238B-02A9-4B4B-9817-6219A3D7AB12} = {02EA681E-C7D8-13C7-8484-4AC65E1B71E8}
		{B8A4468F-69D0-4F0E-8433-8C3701B746DD} = {02EA681E-C7D8-13C7-8484-4AC65E1B71E8}
		{380111B6-7297-4B25-BE27-D5D0499AEA09} = {02EA681E-C7D8-13C7-8484-4AC65E1B71E8}
		{0A11D084-D570-44CE-B6DD-0F4E51441070} = {02EA681E-C7D8-13C7-8484-4AC65E1B71E8}
		{F0FB097C-1DBE-46F3-86B3-4D91268E0F90} = {02EA681E-C7D8-13C7-8484-4AC65E1B71E8}
	EndGlobalSection
	GlobalSection(ExtensibilityGlobals) = postSolution
		SolutionGuid = {164731D1-F142-4204-BAF3-6D344AA09D87}
	EndGlobalSection
EndGlobal
