
Microsoft Visual Studio Solution File, Format Version 12.00
# Visual Studio Version 17
VisualStudioVersion = 17.14.36401.2
MinimumVisualStudioVersion = 10.0.40219.1
Project("{8BC9CEB8-8B4A-11D0-8D11-00A0C91BC942}") = "lab-1.0.07-classes-and-objects-in-cpp", "MODULO 1\lab-1.0.07-classes-and-objects-in-cpp\lab-1.0.07-classes-and-objects-in-cpp.vcxproj", "{0853A967-2DF5-4993-9FCE-5A10815BB02B}"
EndProject
Project("{2150E333-8FDC-42A3-9474-1A3956D46DE8}") = "MODULO 1", "MODULO 1", "{02EA681E-C7D8-13C7-8484-4AC65E1B71E8}"
EndProject
Project("{8BC9CEB8-8B4A-11D0-8D11-00A0C91BC942}") = "lab-1.0.08-restricting-access-to-object-data", "MODULO 1\lab-1.0.08-restricting-access-to-object-data\lab-1.0.08-restricting-access-to-object-data.vcxproj", "{C21FBC9A-7B4A-424C-AA47-E741F0ACA763}"
EndProject
Project("{8BC9CEB8-8B4A-11D0-8D11-00A0C91BC942}") = "lab-1.0.09-obtaining-derived-data-from-an-object", "MODULO 1\lab-1.0.09-obtaining-derived-data-from-an-object\lab-1.0.09-obtaining-derived-data-from-an-object.vcxproj", "{FD3212C9-EC6D-4CC4-94D9-6EFF6F128194}"
EndProject
Project("{8BC9CEB8-8B4A-11D0-8D11-00A0C91BC942}") = "lab-1.0.10-classes-and-objects-shopitemorder", "MODULO 1\lab-1.0.10-classes-and-objects-shopitemorder\lab-1.0.10-classes-and-objects-shopitemorder.vcxproj", "{201BDB86-51AC-43C1-AF0C-D41E0B910819}"
EndProject
Project("{8BC9CEB8-8B4A-11D0-8D11-00A0C91BC942}") = "lab-1.2.12-flight-booking-system-p1", "MODULO 1\lab-1.2.12-flight-booking-system-p1\lab-1.2.12-flight-booking-system-p1.vcxproj", "{929CEF84-8E56-4DE0-B90E-1FFFB62E679D}"
EndProject
Project("{8BC9CEB8-8B4A-11D0-8D11-00A0C91BC942}") = "lab-1.2.13-flight-booking-system-p2", "MODULO 1\lab-1.2.13-flight-booking-system-p2\lab-1.2.13-flight-booking-system-p2.vcxproj", "{D290CE61-77DD-4FF0-BCC3-7FAF9EB97BF9}"
EndProject
Project("{8BC9CEB8-8B4A-11D0-8D11-00A0C91BC942}") = "lab-1.2.14-flight-booking-system-p3", "MODULO 1\lab-1.2.14-flight-booking-system-p3\lab-1.2.14-flight-booking-system-p3.vcxproj", "{05C706F1-403B-40F0-B0C4-D9A4703BD237}"
EndProject
Project("{8BC9CEB8-8B4A-11D0-8D11-00A0C91BC942}") = "lab-1.2.15-gym-membership-management-system", "MODULO 1\lab-1.2.15-gym-membership-management-system\lab-1.2.15-gym-membership-management-system.vcxproj", "{06746519-A8AE-48EE-ACB1-839770ECA636}"
EndProject
Project("{8BC9CEB8-8B4A-11D0-8D11-00A0C91BC942}") = "lab-1.2.16-modelling-fractions-p1", "MODULO 1\lab-1.2.16-modelling-fractions-p1\lab-1.2.16-modelling-fractions-p1.vcxproj", "{6DFE15A8-6188-43F0-8192-1C50C1A5EA42}"
EndProject
Project("{8BC9CEB8-8B4A-11D0-8D11-00A0C91BC942}") = "lab-1.2.17-modelling-fractions-p2", "MODULO 1\lab-1.2.17-modelling-fractions-p2\lab-1.2.17-modelling-fractions-p2.vcxproj", "{07746BD2-9BD1-4742-8033-8A29834972B9}"
EndProject
Project("{8BC9CEB8-8B4A-11D0-8D11-00A0C91BC942}") = "lab-1.2.18-modelling-fractions-p3", "MODULO 1\lab-1.2.18-modelling-fractions-p3\lab-1.2.18-modelling-fractions-p3.vcxproj", "{602DAAAD-7DBA-4608-8C17-9A02C1187E7E}"
EndProject
Project("{8BC9CEB8-8B4A-11D0-8D11-00A0C91BC942}") = "lab-1.2.19-points-in-2d-p1", "MODULO 1\lab-1.2.19-points-in-2d-p1\lab-1.2.19-points-in-2d-p1.vcxproj", "{57627465-4900-48A3-AEFA-BE9756B565C3}"
EndProject
Project("{8BC9CEB8-8B4A-11D0-8D11-00A0C91BC942}") = "lab-1.2.20-points-in-2d-p2", "MODULO 1\lab-1.2.20-points-in-2d-p2\lab-1.2.20-points-in-2d-p2.vcxproj", "{07FC238B-02A9-4B4B-9817-6219A3D7AB12}"
EndProject
Project("{8BC9CEB8-8B4A-11D0-8D11-00A0C91BC942}") = "lab-1.2.21-points-in-2d-p3", "MODULO 1\lab-1.2.21-points-in-2d-p3\lab-1.2.21-points-in-2d-p3.vcxproj", "{B8A4468F-69D0-4F0E-8433-8C3701B746DD}"
EndProject
Project("{8BC9CEB8-8B4A-11D0-8D11-00A0C91BC942}") = "lab-1.2.22-inheritance-basics-p1", "MODULO 1\lab-1.2.22-inheritance-basics-p1\lab-1.2.22-inheritance-basics-p1.vcxproj", "{380111B6-7297-4B25-BE27-D5D0499AEA09}"
EndProject
Project("{8BC9CEB8-8B4A-11D0-8D11-00A0C91BC942}") = "lab-1.2.23-inheritance-basics-p2", "MODULO 1\lab-1.2.23-inheritance-basics-p2\lab-1.2.23-inheritance-basics-p2.vcxproj", "{0A11D084-D570-44CE-B6DD-0F4E51441070}"
EndProject
Project("{8BC9CEB8-8B4A-11D0-8D11-00A0C91BC942}") = "lab-1.2.24-singly-linked-list-p1", "MODULO 1\lab-1.2.24-singly-linked-list-p1\lab-1.2.24-singly-linked-list-p1.vcxproj", "{F0FB097C-1DBE-46F3-86B3-4D91268E0F90}"
EndProject
Project("{8BC9CEB8-8B4A-11D0-8D11-00A0C91BC942}") = "lab-1.2.25-singly-linked-list-p2", "MODULO 1\lab-1.2.25-singly-linked-list-p2\lab-1.2.25-singly-linked-list-p2.vcxproj", "{4BBE2730-2286-4056-9DA1-B67D16BC749B}"
EndProject
Project("{8BC9CEB8-8B4A-11D0-8D11-00A0C91BC942}") = "lab-1.2.26-singly-linked-list-p3", "MODULO 1\lab-1.2.26-singly-linked-list-p3\lab-1.2.26-singly-linked-list-p3.vcxproj", "{D105778E-F591-40A9-BED6-81BC6CBB5DD2}"
EndProject
Project("{8BC9CEB8-8B4A-11D0-8D11-00A0C91BC942}") = "lab-1.2.27-singly-linked-list-p4", "MODULO 1\lab-1.2.27-singly-linked-list-p4\lab-1.2.27-singly-linked-list-p4.vcxproj", "{0A26E800-07C8-4165-AFD6-E603D5BF11CA}"
EndProject
Project("{8BC9CEB8-8B4A-11D0-8D11-00A0C91BC942}") = "lab-1.2.28-singly-linked-list-p5", "MODULO 1\lab-1.2.28-singly-linked-list-p5\lab-1.2.28-singly-linked-list-p5.vcxproj", "{EBD7383D-4318-43A9-8B26-551D1444F53E}"
EndProject
Project("{8BC9CEB8-8B4A-11D0-8D11-00A0C91BC942}") = "lab-1.2.29-singly-linked-list-p6", "MODULO 1\lab-1.2.29-singly-linked-list-p6\lab-1.2.29-singly-linked-list-p6.vcxproj", "{DBEEE338-AB97-41ED-8DE5-0EE0079118CB}"
EndProject
Project("{8BC9CEB8-8B4A-11D0-8D11-00A0C91BC942}") = "lab-1.2.30-singly-linked-list-p7", "MODULO 1\lab-1.2.30-singly-linked-list-p7\lab-1.2.30-singly-linked-list-p7.vcxproj", "{0195479B-3054-406D-9A71-44350420FDD9}"
EndProject
Project("{8BC9CEB8-8B4A-11D0-8D11-00A0C91BC942}") = "lab-1.2.31-doubly-linked-list", "MODULO 1\lab-1.2.31-doubly-linked-list\lab-1.2.31-doubly-linked-list.vcxproj", "{251D1DB7-5E36-4B95-A0ED-52234294DBD4}"
EndProject
Project("{2150E333-8FDC-42A3-9474-1A3956D46DE8}") = "MODULO 2", "MODULO 2", "{6701BE1A-25C0-4BEB-ACA1-8E22C1210265}"
EndProject
Project("{2150E333-8FDC-42A3-9474-1A3956D46DE8}") = "MODULO 3", "MODULO 3", "{F7293720-0736-4D33-894B-B0F0D73B902C}"
EndProject
Project("{8BC9CEB8-8B4A-11D0-8D11-00A0C91BC942}") = "lab-2.2.2-polymorphism-p1", "MODULO 2\lab-2.2.2-polymorphism-p1\lab-2.2.2-polymorphism-p1.vcxproj", "{6BBCD8E6-DD6D-4B8B-95EE-4FC29BCA0B07}"
EndProject
Project("{8BC9CEB8-8B4A-11D0-8D11-00A0C91BC942}") = "lab-2.2.3-polymorphism-p2", "MODULO 2\lab-2.2.2-polymorphism-p2\lab-2.2.2-polymorphism-p2.vcxproj", "{498CD187-DF49-4265-B8AC-51DCD0FDF996}"
EndProject
Project("{8BC9CEB8-8B4A-11D0-8D11-00A0C91BC942}") = "lab-2.2.4-polymorphism-p3", "MODULO 2\lab-2.2.2-polymorphism-p3\lab-2.2.2-polymorphism-p3.vcxproj", "{5AA2FD85-D307-495A-A2AD-FCA2C4BCFADE}"
EndProject
Project("{8BC9CEB8-8B4A-11D0-8D11-00A0C91BC942}") = "lab-2.3.5-interfaces-virtual-functions-p1", "MODULO 2\lab-2.3.5-interfaces-virtual-functions-p1\lab-2.3.5-interfaces-virtual-functions-p1.vcxproj", "{EE126ED4-379D-4974-882A-1BA9A97B5324}"
EndProject
Project("{8BC9CEB8-8B4A-11D0-8D11-00A0C91BC942}") = "lab-2.3.6-interfaces-virtual-functions-p2", "MODULO 2\lab-2.3.6-interfaces-virtual-functions-p2\lab-2.3.6-interfaces-virtual-functions-p2.vcxproj", "{FEB82A4D-C7CB-401D-935D-83C2EDAB42D0}"
EndProject
Project("{8BC9CEB8-8B4A-11D0-8D11-00A0C91BC942}") = "lab-2.3.7-interfaces-virtual-functions-p3", "MODULO 2\lab-2.3.7-interfaces-virtual-functions-p3\lab-2.3.7-interfaces-virtual-functions-p3.vcxproj", "{A40476EC-C296-4860-8495-A82BDC0B403A}"
EndProject
Project("{8BC9CEB8-8B4A-11D0-8D11-00A0C91BC942}") = "lab-2.3.8-your-own-game", "MODULO 2\lab-2.3.8-your-own-game\lab-2.3.8-your-own-game.vcxproj", "{777B5C57-6597-4D7B-BA41-575FBCE713BD}"
EndProject
Project("{8BC9CEB8-8B4A-11D0-8D11-00A0C91BC942}") = "lab-2.4.3-composition-p1", "MODULO 2\lab-2.4.3-composition-p1\lab-2.4.3-composition-p1.vcxproj", "{C9A4D1FF-C0D9-4AA0-BE6E-4F72484CBCE8}"
EndProject
Project("{8BC9CEB8-8B4A-11D0-8D11-00A0C91BC942}") = "lab-2.4.4-composition-p2", "MODULO 2\lab-2.4.4-composition-p2\lab-2.4.4-composition-p2.vcxproj", "{E227B1AB-00F9-4A3F-993B-14E7EF0977B3}"
EndProject
Project("{8BC9CEB8-8B4A-11D0-8D11-00A0C91BC942}") = "lab-3.0.8-exceptions-input-validation", "MODULO 3\lab-3.0.8-exceptions-input-validation\lab-3.0.8-exceptions-input-validation.vcxproj", "{B12E3425-3787-47AE-B595-019BE3E38F32}"
EndProject
Project("{8BC9CEB8-8B4A-11D0-8D11-00A0C91BC942}") = "lab-3.0.9-exceptions-divide-by-zero", "MODULO 3\lab-3.0.8-exceptions-divide-by-zero\lab-3.0.8-exceptions-divide-by-zero.vcxproj", "{D568FB1D-18DE-4632-9651-B22C94DBD493}"
EndProject
Project("{8BC9CEB8-8B4A-11D0-8D11-00A0C91BC942}") = "lab-3.1.8-exceptions-input-validation", "MODULO 3\lab-3.1.8-exceptions-input-validation\lab-3.1.8-exceptions-input-validation.vcxproj", "{F02337B5-B589-4909-9E17-FC89AA82C7B1}"
EndProject
Project("{8BC9CEB8-8B4A-11D0-8D11-00A0C91BC942}") = "lab-3.1.9-exceptions-catch-block", "MODULO 3\lab-3.1.9-exceptions-catch-block\lab-3.1.9-exceptions-catch-block.vcxproj", "{09BF8C61-E6D4-438E-8CB2-EF0373DDBCF1}"
EndProject
Project("{8BC9CEB8-8B4A-11D0-8D11-00A0C91BC942}") = "lab-3.1.10-exceptions-simple-checks", "MODULO 3\lab-3.1.10-exceptions-simple-checks\lab-3.1.10-exceptions-simple-checks.vcxproj", "{E9E0B666-6CB6-4CA1-8783-F3E74653F09B}"
EndProject
Project("{8BC9CEB8-8B4A-11D0-8D11-00A0C91BC942}") = "lab-3.1.11-exceptions-simple-checks-p2", "MODULO 3\lab-3.1.10-exceptions-simple-checks-p2\lab-3.1.10-exceptions-simple-checks-p2.vcxproj", "{733804B2-A062-4EBD-ABB0-7100DF4D24B7}"
EndProject
Project("{8BC9CEB8-8B4A-11D0-8D11-00A0C91BC942}") = "lab-3.2.16-exceptions-file-checks", "MODULO 3\lab-3.2.16-exceptions-file-checks\lab-3.2.16-exceptions-file-checks.vcxproj", "{F4C9342D-2617-4E64-949B-8DAA88492BB1}"
EndProject
Project("{8BC9CEB8-8B4A-11D0-8D11-00A0C91BC942}") = "lab-3.2.17-exceptions-checking-strings", "MODULO 3\lab-3.2.17-exceptions-checking-strings\lab-3.2.17-exceptions-checking-strings.vcxproj", "{85988ADF-1949-44F5-A53A-404A9DB56917}"
EndProject
Project("{8BC9CEB8-8B4A-11D0-8D11-00A0C91BC942}") = "lab-3.4.12-exceptions-including-information-in-exceptions", "MODULO 3\lab-3.4.12-exceptions-including-information-in-exceptions\lab-3.4.12-exceptions-including-information-in-exceptions.vcxproj", "{B7C3DE99-9F43-4A7A-A110-B30F5C3C2615}"
EndProject
Project("{8BC9CEB8-8B4A-11D0-8D11-00A0C91BC942}") = "lab-3.4.13-exceptions-using-in-program", "MODULO 3\lab-3.4.13-exceptions-using-in-program\lab-3.4.13-exceptions-using-in-program.vcxproj", "{C52189B9-8238-4D99-8799-79ADF7D75064}"
EndProject
Project("{2150E333-8FDC-42A3-9474-1A3956D46DE8}") = "MODULO 4", "MODULO 4", "{2309B9B0-80D6-4423-8049-DB1CD68D082A}"
EndProject
Project("{8BC9CEB8-8B4A-11D0-8D11-00A0C91BC942}") = "lab-4.0.8-iostream-operators", "MODULO 4\lab-4.0.8-iostream-operators\lab-4.0.8-iostream-operators.vcxproj", "{EB9DB6C7-09BA-4DFC-A920-10996212E11E}"
EndProject
Project("{8BC9CEB8-8B4A-11D0-8D11-00A0C91BC942}") = "lab-4.0.9-non-natural-way-of-using", "MODULO 4\lab-4.0.9-non-natural-way-of-using\lab-4.0.9-non-natural-way-of-using.vcxproj", "{DF7DFD3C-0CBD-4A2B-99D7-4B92D0E91B29}"
EndProject
Project("{8BC9CEB8-8B4A-11D0-8D11-00A0C91BC942}") = "lab-4.1.4-enums-representing-values", "MODULO 4\lab-4.1.4-enums-representing-values\lab-4.1.4-enums-representing-values.vcxproj", "{DF40545E-F1FA-4137-AE56-38E664F39263}"
EndProject
Global
	GlobalSection(SolutionConfigurationPlatforms) = preSolution
		Debug|x64 = Debug|x64
		Debug|x86 = Debug|x86
		Release|x64 = Release|x64
		Release|x86 = Release|x86
	EndGlobalSection
	GlobalSection(ProjectConfigurationPlatforms) = postSolution
		{0853A967-2DF5-4993-9FCE-5A10815BB02B}.Debug|x64.ActiveCfg = Debug|x64
		{0853A967-2DF5-4993-9FCE-5A10815BB02B}.Debug|x64.Build.0 = Debug|x64
		{0853A967-2DF5-4993-9FCE-5A10815BB02B}.Debug|x86.ActiveCfg = Debug|Win32
		{0853A967-2DF5-4993-9FCE-5A10815BB02B}.Debug|x86.Build.0 = Debug|Win32
		{0853A967-2DF5-4993-9FCE-5A10815BB02B}.Release|x64.ActiveCfg = Release|x64
		{0853A967-2DF5-4993-9FCE-5A10815BB02B}.Release|x64.Build.0 = Release|x64
		{0853A967-2DF5-4993-9FCE-5A10815BB02B}.Release|x86.ActiveCfg = Release|Win32
		{0853A967-2DF5-4993-9FCE-5A10815BB02B}.Release|x86.Build.0 = Release|Win32
		{C21FBC9A-7B4A-424C-AA47-E741F0ACA763}.Debug|x64.ActiveCfg = Debug|x64
		{C21FBC9A-7B4A-424C-AA47-E741F0ACA763}.Debug|x64.Build.0 = Debug|x64
		{C21FBC9A-7B4A-424C-AA47-E741F0ACA763}.Debug|x86.ActiveCfg = Debug|Win32
		{C21FBC9A-7B4A-424C-AA47-E741F0ACA763}.Debug|x86.Build.0 = Debug|Win32
		{C21FBC9A-7B4A-424C-AA47-E741F0ACA763}.Release|x64.ActiveCfg = Release|x64
		{C21FBC9A-7B4A-424C-AA47-E741F0ACA763}.Release|x64.Build.0 = Release|x64
		{C21FBC9A-7B4A-424C-AA47-E741F0ACA763}.Release|x86.ActiveCfg = Release|Win32
		{C21FBC9A-7B4A-424C-AA47-E741F0ACA763}.Release|x86.Build.0 = Release|Win32
		{FD3212C9-EC6D-4CC4-94D9-6EFF6F128194}.Debug|x64.ActiveCfg = Debug|x64
		{FD3212C9-EC6D-4CC4-94D9-6EFF6F128194}.Debug|x64.Build.0 = Debug|x64
		{FD3212C9-EC6D-4CC4-94D9-6EFF6F128194}.Debug|x86.ActiveCfg = Debug|Win32
		{FD3212C9-EC6D-4CC4-94D9-6EFF6F128194}.Debug|x86.Build.0 = Debug|Win32
		{FD3212C9-EC6D-4CC4-94D9-6EFF6F128194}.Release|x64.ActiveCfg = Release|x64
		{FD3212C9-EC6D-4CC4-94D9-6EFF6F128194}.Release|x64.Build.0 = Release|x64
		{FD3212C9-EC6D-4CC4-94D9-6EFF6F128194}.Release|x86.ActiveCfg = Release|Win32
		{FD3212C9-EC6D-4CC4-94D9-6EFF6F128194}.Release|x86.Build.0 = Release|Win32
		{201BDB86-51AC-43C1-AF0C-D41E0B910819}.Debug|x64.ActiveCfg = Debug|x64
		{201BDB86-51AC-43C1-AF0C-D41E0B910819}.Debug|x64.Build.0 = Debug|x64
		{201BDB86-51AC-43C1-AF0C-D41E0B910819}.Debug|x86.ActiveCfg = Debug|Win32
		{201BDB86-51AC-43C1-AF0C-D41E0B910819}.Debug|x86.Build.0 = Debug|Win32
		{201BDB86-51AC-43C1-AF0C-D41E0B910819}.Release|x64.ActiveCfg = Release|x64
		{201BDB86-51AC-43C1-AF0C-D41E0B910819}.Release|x64.Build.0 = Release|x64
		{201BDB86-51AC-43C1-AF0C-D41E0B910819}.Release|x86.ActiveCfg = Release|Win32
		{201BDB86-51AC-43C1-AF0C-D41E0B910819}.Release|x86.Build.0 = Release|Win32
		{929CEF84-8E56-4DE0-B90E-1FFFB62E679D}.Debug|x64.ActiveCfg = Debug|x64
		{929CEF84-8E56-4DE0-B90E-1FFFB62E679D}.Debug|x64.Build.0 = Debug|x64
		{929CEF84-8E56-4DE0-B90E-1FFFB62E679D}.Debug|x86.ActiveCfg = Debug|Win32
		{929CEF84-8E56-4DE0-B90E-1FFFB62E679D}.Debug|x86.Build.0 = Debug|Win32
		{929CEF84-8E56-4DE0-B90E-1FFFB62E679D}.Release|x64.ActiveCfg = Release|x64
		{929CEF84-8E56-4DE0-B90E-1FFFB62E679D}.Release|x64.Build.0 = Release|x64
		{929CEF84-8E56-4DE0-B90E-1FFFB62E679D}.Release|x86.ActiveCfg = Release|Win32
		{929CEF84-8E56-4DE0-B90E-1FFFB62E679D}.Release|x86.Build.0 = Release|Win32
		{D290CE61-77DD-4FF0-BCC3-7FAF9EB97BF9}.Debug|x64.ActiveCfg = Debug|x64
		{D290CE61-77DD-4FF0-BCC3-7FAF9EB97BF9}.Debug|x64.Build.0 = Debug|x64
		{D290CE61-77DD-4FF0-BCC3-7FAF9EB97BF9}.Debug|x86.ActiveCfg = Debug|Win32
		{D290CE61-77DD-4FF0-BCC3-7FAF9EB97BF9}.Debug|x86.Build.0 = Debug|Win32
		{D290CE61-77DD-4FF0-BCC3-7FAF9EB97BF9}.Release|x64.ActiveCfg = Release|x64
		{D290CE61-77DD-4FF0-BCC3-7FAF9EB97BF9}.Release|x64.Build.0 = Release|x64
		{D290CE61-77DD-4FF0-BCC3-7FAF9EB97BF9}.Release|x86.ActiveCfg = Release|Win32
		{D290CE61-77DD-4FF0-BCC3-7FAF9EB97BF9}.Release|x86.Build.0 = Release|Win32
		{05C706F1-403B-40F0-B0C4-D9A4703BD237}.Debug|x64.ActiveCfg = Debug|x64
		{05C706F1-403B-40F0-B0C4-D9A4703BD237}.Debug|x64.Build.0 = Debug|x64
		{05C706F1-403B-40F0-B0C4-D9A4703BD237}.Debug|x86.ActiveCfg = Debug|Win32
		{05C706F1-403B-40F0-B0C4-D9A4703BD237}.Debug|x86.Build.0 = Debug|Win32
		{05C706F1-403B-40F0-B0C4-D9A4703BD237}.Release|x64.ActiveCfg = Release|x64
		{05C706F1-403B-40F0-B0C4-D9A4703BD237}.Release|x64.Build.0 = Release|x64
		{05C706F1-403B-40F0-B0C4-D9A4703BD237}.Release|x86.ActiveCfg = Release|Win32
		{05C706F1-403B-40F0-B0C4-D9A4703BD237}.Release|x86.Build.0 = Release|Win32
		{06746519-A8AE-48EE-ACB1-839770ECA636}.Debug|x64.ActiveCfg = Debug|x64
		{06746519-A8AE-48EE-ACB1-839770ECA636}.Debug|x64.Build.0 = Debug|x64
		{06746519-A8AE-48EE-ACB1-839770ECA636}.Debug|x86.ActiveCfg = Debug|Win32
		{06746519-A8AE-48EE-ACB1-839770ECA636}.Debug|x86.Build.0 = Debug|Win32
		{06746519-A8AE-48EE-ACB1-839770ECA636}.Release|x64.ActiveCfg = Release|x64
		{06746519-A8AE-48EE-ACB1-839770ECA636}.Release|x64.Build.0 = Release|x64
		{06746519-A8AE-48EE-ACB1-839770ECA636}.Release|x86.ActiveCfg = Release|Win32
		{06746519-A8AE-48EE-ACB1-839770ECA636}.Release|x86.Build.0 = Release|Win32
		{6DFE15A8-6188-43F0-8192-1C50C1A5EA42}.Debug|x64.ActiveCfg = Debug|x64
		{6DFE15A8-6188-43F0-8192-1C50C1A5EA42}.Debug|x64.Build.0 = Debug|x64
		{6DFE15A8-6188-43F0-8192-1C50C1A5EA42}.Debug|x86.ActiveCfg = Debug|Win32
		{6DFE15A8-6188-43F0-8192-1C50C1A5EA42}.Debug|x86.Build.0 = Debug|Win32
		{6DFE15A8-6188-43F0-8192-1C50C1A5EA42}.Release|x64.ActiveCfg = Release|x64
		{6DFE15A8-6188-43F0-8192-1C50C1A5EA42}.Release|x64.Build.0 = Release|x64
		{6DFE15A8-6188-43F0-8192-1C50C1A5EA42}.Release|x86.ActiveCfg = Release|Win32
		{6DFE15A8-6188-43F0-8192-1C50C1A5EA42}.Release|x86.Build.0 = Release|Win32
		{07746BD2-9BD1-4742-8033-8A29834972B9}.Debug|x64.ActiveCfg = Debug|x64
		{07746BD2-9BD1-4742-8033-8A29834972B9}.Debug|x64.Build.0 = Debug|x64
		{07746BD2-9BD1-4742-8033-8A29834972B9}.Debug|x86.ActiveCfg = Debug|Win32
		{07746BD2-9BD1-4742-8033-8A29834972B9}.Debug|x86.Build.0 = Debug|Win32
		{07746BD2-9BD1-4742-8033-8A29834972B9}.Release|x64.ActiveCfg = Release|x64
		{07746BD2-9BD1-4742-8033-8A29834972B9}.Release|x64.Build.0 = Release|x64
		{07746BD2-9BD1-4742-8033-8A29834972B9}.Release|x86.ActiveCfg = Release|Win32
		{07746BD2-9BD1-4742-8033-8A29834972B9}.Release|x86.Build.0 = Release|Win32
		{602DAAAD-7DBA-4608-8C17-9A02C1187E7E}.Debug|x64.ActiveCfg = Debug|x64
		{602DAAAD-7DBA-4608-8C17-9A02C1187E7E}.Debug|x64.Build.0 = Debug|x64
		{602DAAAD-7DBA-4608-8C17-9A02C1187E7E}.Debug|x86.ActiveCfg = Debug|Win32
		{602DAAAD-7DBA-4608-8C17-9A02C1187E7E}.Debug|x86.Build.0 = Debug|Win32
		{602DAAAD-7DBA-4608-8C17-9A02C1187E7E}.Release|x64.ActiveCfg = Release|x64
		{602DAAAD-7DBA-4608-8C17-9A02C1187E7E}.Release|x64.Build.0 = Release|x64
		{602DAAAD-7DBA-4608-8C17-9A02C1187E7E}.Release|x86.ActiveCfg = Release|Win32
		{602DAAAD-7DBA-4608-8C17-9A02C1187E7E}.Release|x86.Build.0 = Release|Win32
		{57627465-4900-48A3-AEFA-BE9756B565C3}.Debug|x64.ActiveCfg = Debug|x64
		{57627465-4900-48A3-AEFA-BE9756B565C3}.Debug|x64.Build.0 = Debug|x64
		{57627465-4900-48A3-AEFA-BE9756B565C3}.Debug|x86.ActiveCfg = Debug|Win32
		{57627465-4900-48A3-AEFA-BE9756B565C3}.Debug|x86.Build.0 = Debug|Win32
		{57627465-4900-48A3-AEFA-BE9756B565C3}.Release|x64.ActiveCfg = Release|x64
		{57627465-4900-48A3-AEFA-BE9756B565C3}.Release|x64.Build.0 = Release|x64
		{57627465-4900-48A3-AEFA-BE9756B565C3}.Release|x86.ActiveCfg = Release|Win32
		{57627465-4900-48A3-AEFA-BE9756B565C3}.Release|x86.Build.0 = Release|Win32
		{07FC238B-02A9-4B4B-9817-6219A3D7AB12}.Debug|x64.ActiveCfg = Debug|x64
		{07FC238B-02A9-4B4B-9817-6219A3D7AB12}.Debug|x64.Build.0 = Debug|x64
		{07FC238B-02A9-4B4B-9817-6219A3D7AB12}.Debug|x86.ActiveCfg = Debug|Win32
		{07FC238B-02A9-4B4B-9817-6219A3D7AB12}.Debug|x86.Build.0 = Debug|Win32
		{07FC238B-02A9-4B4B-9817-6219A3D7AB12}.Release|x64.ActiveCfg = Release|x64
		{07FC238B-02A9-4B4B-9817-6219A3D7AB12}.Release|x64.Build.0 = Release|x64
		{07FC238B-02A9-4B4B-9817-6219A3D7AB12}.Release|x86.ActiveCfg = Release|Win32
		{07FC238B-02A9-4B4B-9817-6219A3D7AB12}.Release|x86.Build.0 = Release|Win32
		{B8A4468F-69D0-4F0E-8433-8C3701B746DD}.Debug|x64.ActiveCfg = Debug|x64
		{B8A4468F-69D0-4F0E-8433-8C3701B746DD}.Debug|x64.Build.0 = Debug|x64
		{B8A4468F-69D0-4F0E-8433-8C3701B746DD}.Debug|x86.ActiveCfg = Debug|Win32
		{B8A4468F-69D0-4F0E-8433-8C3701B746DD}.Debug|x86.Build.0 = Debug|Win32
		{B8A4468F-69D0-4F0E-8433-8C3701B746DD}.Release|x64.ActiveCfg = Release|x64
		{B8A4468F-69D0-4F0E-8433-8C3701B746DD}.Release|x64.Build.0 = Release|x64
		{B8A4468F-69D0-4F0E-8433-8C3701B746DD}.Release|x86.ActiveCfg = Release|Win32
		{B8A4468F-69D0-4F0E-8433-8C3701B746DD}.Release|x86.Build.0 = Release|Win32
		{380111B6-7297-4B25-BE27-D5D0499AEA09}.Debug|x64.ActiveCfg = Debug|x64
		{380111B6-7297-4B25-BE27-D5D0499AEA09}.Debug|x64.Build.0 = Debug|x64
		{380111B6-7297-4B25-BE27-D5D0499AEA09}.Debug|x86.ActiveCfg = Debug|Win32
		{380111B6-7297-4B25-BE27-D5D0499AEA09}.Debug|x86.Build.0 = Debug|Win32
		{380111B6-7297-4B25-BE27-D5D0499AEA09}.Release|x64.ActiveCfg = Release|x64
		{380111B6-7297-4B25-BE27-D5D0499AEA09}.Release|x64.Build.0 = Release|x64
		{380111B6-7297-4B25-BE27-D5D0499AEA09}.Release|x86.ActiveCfg = Release|Win32
		{380111B6-7297-4B25-BE27-D5D0499AEA09}.Release|x86.Build.0 = Release|Win32
		{0A11D084-D570-44CE-B6DD-0F4E51441070}.Debug|x64.ActiveCfg = Debug|x64
		{0A11D084-D570-44CE-B6DD-0F4E51441070}.Debug|x64.Build.0 = Debug|x64
		{0A11D084-D570-44CE-B6DD-0F4E51441070}.Debug|x86.ActiveCfg = Debug|Win32
		{0A11D084-D570-44CE-B6DD-0F4E51441070}.Debug|x86.Build.0 = Debug|Win32
		{0A11D084-D570-44CE-B6DD-0F4E51441070}.Release|x64.ActiveCfg = Release|x64
		{0A11D084-D570-44CE-B6DD-0F4E51441070}.Release|x64.Build.0 = Release|x64
		{0A11D084-D570-44CE-B6DD-0F4E51441070}.Release|x86.ActiveCfg = Release|Win32
		{0A11D084-D570-44CE-B6DD-0F4E51441070}.Release|x86.Build.0 = Release|Win32
		{F0FB097C-1DBE-46F3-86B3-4D91268E0F90}.Debug|x64.ActiveCfg = Debug|x64
		{F0FB097C-1DBE-46F3-86B3-4D91268E0F90}.Debug|x64.Build.0 = Debug|x64
		{F0FB097C-1DBE-46F3-86B3-4D91268E0F90}.Debug|x86.ActiveCfg = Debug|Win32
		{F0FB097C-1DBE-46F3-86B3-4D91268E0F90}.Debug|x86.Build.0 = Debug|Win32
		{F0FB097C-1DBE-46F3-86B3-4D91268E0F90}.Release|x64.ActiveCfg = Release|x64
		{F0FB097C-1DBE-46F3-86B3-4D91268E0F90}.Release|x64.Build.0 = Release|x64
		{F0FB097C-1DBE-46F3-86B3-4D91268E0F90}.Release|x86.ActiveCfg = Release|Win32
		{F0FB097C-1DBE-46F3-86B3-4D91268E0F90}.Release|x86.Build.0 = Release|Win32
		{4BBE2730-2286-4056-9DA1-B67D16BC749B}.Debug|x64.ActiveCfg = Debug|x64
		{4BBE2730-2286-4056-9DA1-B67D16BC749B}.Debug|x64.Build.0 = Debug|x64
		{4BBE2730-2286-4056-9DA1-B67D16BC749B}.Debug|x86.ActiveCfg = Debug|Win32
		{4BBE2730-2286-4056-9DA1-B67D16BC749B}.Debug|x86.Build.0 = Debug|Win32
		{4BBE2730-2286-4056-9DA1-B67D16BC749B}.Release|x64.ActiveCfg = Release|x64
		{4BBE2730-2286-4056-9DA1-B67D16BC749B}.Release|x64.Build.0 = Release|x64
		{4BBE2730-2286-4056-9DA1-B67D16BC749B}.Release|x86.ActiveCfg = Release|Win32
		{4BBE2730-2286-4056-9DA1-B67D16BC749B}.Release|x86.Build.0 = Release|Win32
		{D105778E-F591-40A9-BED6-81BC6CBB5DD2}.Debug|x64.ActiveCfg = Debug|x64
		{D105778E-F591-40A9-BED6-81BC6CBB5DD2}.Debug|x64.Build.0 = Debug|x64
		{D105778E-F591-40A9-BED6-81BC6CBB5DD2}.Debug|x86.ActiveCfg = Debug|Win32
		{D105778E-F591-40A9-BED6-81BC6CBB5DD2}.Debug|x86.Build.0 = Debug|Win32
		{D105778E-F591-40A9-BED6-81BC6CBB5DD2}.Release|x64.ActiveCfg = Release|x64
		{D105778E-F591-40A9-BED6-81BC6CBB5DD2}.Release|x64.Build.0 = Release|x64
		{D105778E-F591-40A9-BED6-81BC6CBB5DD2}.Release|x86.ActiveCfg = Release|Win32
		{D105778E-F591-40A9-BED6-81BC6CBB5DD2}.Release|x86.Build.0 = Release|Win32
		{0A26E800-07C8-4165-AFD6-E603D5BF11CA}.Debug|x64.ActiveCfg = Debug|x64
		{0A26E800-07C8-4165-AFD6-E603D5BF11CA}.Debug|x64.Build.0 = Debug|x64
		{0A26E800-07C8-4165-AFD6-E603D5BF11CA}.Debug|x86.ActiveCfg = Debug|Win32
		{0A26E800-07C8-4165-AFD6-E603D5BF11CA}.Debug|x86.Build.0 = Debug|Win32
		{0A26E800-07C8-4165-AFD6-E603D5BF11CA}.Release|x64.ActiveCfg = Release|x64
		{0A26E800-07C8-4165-AFD6-E603D5BF11CA}.Release|x64.Build.0 = Release|x64
		{0A26E800-07C8-4165-AFD6-E603D5BF11CA}.Release|x86.ActiveCfg = Release|Win32
		{0A26E800-07C8-4165-AFD6-E603D5BF11CA}.Release|x86.Build.0 = Release|Win32
		{EBD7383D-4318-43A9-8B26-551D1444F53E}.Debug|x64.ActiveCfg = Debug|x64
		{EBD7383D-4318-43A9-8B26-551D1444F53E}.Debug|x64.Build.0 = Debug|x64
		{EBD7383D-4318-43A9-8B26-551D1444F53E}.Debug|x86.ActiveCfg = Debug|Win32
		{EBD7383D-4318-43A9-8B26-551D1444F53E}.Debug|x86.Build.0 = Debug|Win32
		{EBD7383D-4318-43A9-8B26-551D1444F53E}.Release|x64.ActiveCfg = Release|x64
		{EBD7383D-4318-43A9-8B26-551D1444F53E}.Release|x64.Build.0 = Release|x64
		{EBD7383D-4318-43A9-8B26-551D1444F53E}.Release|x86.ActiveCfg = Release|Win32
		{EBD7383D-4318-43A9-8B26-551D1444F53E}.Release|x86.Build.0 = Release|Win32
		{DBEEE338-AB97-41ED-8DE5-0EE0079118CB}.Debug|x64.ActiveCfg = Debug|x64
		{DBEEE338-AB97-41ED-8DE5-0EE0079118CB}.Debug|x64.Build.0 = Debug|x64
		{DBEEE338-AB97-41ED-8DE5-0EE0079118CB}.Debug|x86.ActiveCfg = Debug|Win32
		{DBEEE338-AB97-41ED-8DE5-0EE0079118CB}.Debug|x86.Build.0 = Debug|Win32
		{DBEEE338-AB97-41ED-8DE5-0EE0079118CB}.Release|x64.ActiveCfg = Release|x64
		{DBEEE338-AB97-41ED-8DE5-0EE0079118CB}.Release|x64.Build.0 = Release|x64
		{DBEEE338-AB97-41ED-8DE5-0EE0079118CB}.Release|x86.ActiveCfg = Release|Win32
		{DBEEE338-AB97-41ED-8DE5-0EE0079118CB}.Release|x86.Build.0 = Release|Win32
		{0195479B-3054-406D-9A71-44350420FDD9}.Debug|x64.ActiveCfg = Debug|x64
		{0195479B-3054-406D-9A71-44350420FDD9}.Debug|x64.Build.0 = Debug|x64
		{0195479B-3054-406D-9A71-44350420FDD9}.Debug|x86.ActiveCfg = Debug|Win32
		{0195479B-3054-406D-9A71-44350420FDD9}.Debug|x86.Build.0 = Debug|Win32
		{0195479B-3054-406D-9A71-44350420FDD9}.Release|x64.ActiveCfg = Release|x64
		{0195479B-3054-406D-9A71-44350420FDD9}.Release|x64.Build.0 = Release|x64
		{0195479B-3054-406D-9A71-44350420FDD9}.Release|x86.ActiveCfg = Release|Win32
		{0195479B-3054-406D-9A71-44350420FDD9}.Release|x86.Build.0 = Release|Win32
		{251D1DB7-5E36-4B95-A0ED-52234294DBD4}.Debug|x64.ActiveCfg = Debug|x64
		{251D1DB7-5E36-4B95-A0ED-52234294DBD4}.Debug|x64.Build.0 = Debug|x64
		{251D1DB7-5E36-4B95-A0ED-52234294DBD4}.Debug|x86.ActiveCfg = Debug|Win32
		{251D1DB7-5E36-4B95-A0ED-52234294DBD4}.Debug|x86.Build.0 = Debug|Win32
		{251D1DB7-5E36-4B95-A0ED-52234294DBD4}.Release|x64.ActiveCfg = Release|x64
		{251D1DB7-5E36-4B95-A0ED-52234294DBD4}.Release|x64.Build.0 = Release|x64
		{251D1DB7-5E36-4B95-A0ED-52234294DBD4}.Release|x86.ActiveCfg = Release|Win32
		{251D1DB7-5E36-4B95-A0ED-52234294DBD4}.Release|x86.Build.0 = Release|Win32
		{6BBCD8E6-DD6D-4B8B-95EE-4FC29BCA0B07}.Debug|x64.ActiveCfg = Debug|x64
		{6BBCD8E6-DD6D-4B8B-95EE-4FC29BCA0B07}.Debug|x64.Build.0 = Debug|x64
		{6BBCD8E6-DD6D-4B8B-95EE-4FC29BCA0B07}.Debug|x86.ActiveCfg = Debug|Win32
		{6BBCD8E6-DD6D-4B8B-95EE-4FC29BCA0B07}.Debug|x86.Build.0 = Debug|Win32
		{6BBCD8E6-DD6D-4B8B-95EE-4FC29BCA0B07}.Release|x64.ActiveCfg = Release|x64
		{6BBCD8E6-DD6D-4B8B-95EE-4FC29BCA0B07}.Release|x64.Build.0 = Release|x64
		{6BBCD8E6-DD6D-4B8B-95EE-4FC29BCA0B07}.Release|x86.ActiveCfg = Release|Win32
		{6BBCD8E6-DD6D-4B8B-95EE-4FC29BCA0B07}.Release|x86.Build.0 = Release|Win32
		{498CD187-DF49-4265-B8AC-51DCD0FDF996}.Debug|x64.ActiveCfg = Debug|x64
		{498CD187-DF49-4265-B8AC-51DCD0FDF996}.Debug|x64.Build.0 = Debug|x64
		{498CD187-DF49-4265-B8AC-51DCD0FDF996}.Debug|x86.ActiveCfg = Debug|Win32
		{498CD187-DF49-4265-B8AC-51DCD0FDF996}.Debug|x86.Build.0 = Debug|Win32
		{498CD187-DF49-4265-B8AC-51DCD0FDF996}.Release|x64.ActiveCfg = Release|x64
		{498CD187-DF49-4265-B8AC-51DCD0FDF996}.Release|x64.Build.0 = Release|x64
		{498CD187-DF49-4265-B8AC-51DCD0FDF996}.Release|x86.ActiveCfg = Release|Win32
		{498CD187-DF49-4265-B8AC-51DCD0FDF996}.Release|x86.Build.0 = Release|Win32
		{5AA2FD85-D307-495A-A2AD-FCA2C4BCFADE}.Debug|x64.ActiveCfg = Debug|x64
		{5AA2FD85-D307-495A-A2AD-FCA2C4BCFADE}.Debug|x64.Build.0 = Debug|x64
		{5AA2FD85-D307-495A-A2AD-FCA2C4BCFADE}.Debug|x86.ActiveCfg = Debug|Win32
		{5AA2FD85-D307-495A-A2AD-FCA2C4BCFADE}.Debug|x86.Build.0 = Debug|Win32
		{5AA2FD85-D307-495A-A2AD-FCA2C4BCFADE}.Release|x64.ActiveCfg = Release|x64
		{5AA2FD85-D307-495A-A2AD-FCA2C4BCFADE}.Release|x64.Build.0 = Release|x64
		{5AA2FD85-D307-495A-A2AD-FCA2C4BCFADE}.Release|x86.ActiveCfg = Release|Win32
		{5AA2FD85-D307-495A-A2AD-FCA2C4BCFADE}.Release|x86.Build.0 = Release|Win32
		{EE126ED4-379D-4974-882A-1BA9A97B5324}.Debug|x64.ActiveCfg = Debug|x64
		{EE126ED4-379D-4974-882A-1BA9A97B5324}.Debug|x64.Build.0 = Debug|x64
		{EE126ED4-379D-4974-882A-1BA9A97B5324}.Debug|x86.ActiveCfg = Debug|Win32
		{EE126ED4-379D-4974-882A-1BA9A97B5324}.Debug|x86.Build.0 = Debug|Win32
		{EE126ED4-379D-4974-882A-1BA9A97B5324}.Release|x64.ActiveCfg = Release|x64
		{EE126ED4-379D-4974-882A-1BA9A97B5324}.Release|x64.Build.0 = Release|x64
		{EE126ED4-379D-4974-882A-1BA9A97B5324}.Release|x86.ActiveCfg = Release|Win32
		{EE126ED4-379D-4974-882A-1BA9A97B5324}.Release|x86.Build.0 = Release|Win32
		{FEB82A4D-C7CB-401D-935D-83C2EDAB42D0}.Debug|x64.ActiveCfg = Debug|x64
		{FEB82A4D-C7CB-401D-935D-83C2EDAB42D0}.Debug|x64.Build.0 = Debug|x64
		{FEB82A4D-C7CB-401D-935D-83C2EDAB42D0}.Debug|x86.ActiveCfg = Debug|Win32
		{FEB82A4D-C7CB-401D-935D-83C2EDAB42D0}.Debug|x86.Build.0 = Debug|Win32
		{FEB82A4D-C7CB-401D-935D-83C2EDAB42D0}.Release|x64.ActiveCfg = Release|x64
		{FEB82A4D-C7CB-401D-935D-83C2EDAB42D0}.Release|x64.Build.0 = Release|x64
		{FEB82A4D-C7CB-401D-935D-83C2EDAB42D0}.Release|x86.ActiveCfg = Release|Win32
		{FEB82A4D-C7CB-401D-935D-83C2EDAB42D0}.Release|x86.Build.0 = Release|Win32
		{A40476EC-C296-4860-8495-A82BDC0B403A}.Debug|x64.ActiveCfg = Debug|x64
		{A40476EC-C296-4860-8495-A82BDC0B403A}.Debug|x64.Build.0 = Debug|x64
		{A40476EC-C296-4860-8495-A82BDC0B403A}.Debug|x86.ActiveCfg = Debug|Win32
		{A40476EC-C296-4860-8495-A82BDC0B403A}.Debug|x86.Build.0 = Debug|Win32
		{A40476EC-C296-4860-8495-A82BDC0B403A}.Release|x64.ActiveCfg = Release|x64
		{A40476EC-C296-4860-8495-A82BDC0B403A}.Release|x64.Build.0 = Release|x64
		{A40476EC-C296-4860-8495-A82BDC0B403A}.Release|x86.ActiveCfg = Release|Win32
		{A40476EC-C296-4860-8495-A82BDC0B403A}.Release|x86.Build.0 = Release|Win32
		{777B5C57-6597-4D7B-BA41-575FBCE713BD}.Debug|x64.ActiveCfg = Debug|x64
		{777B5C57-6597-4D7B-BA41-575FBCE713BD}.Debug|x64.Build.0 = Debug|x64
		{777B5C57-6597-4D7B-BA41-575FBCE713BD}.Debug|x86.ActiveCfg = Debug|Win32
		{777B5C57-6597-4D7B-BA41-575FBCE713BD}.Debug|x86.Build.0 = Debug|Win32
		{777B5C57-6597-4D7B-BA41-575FBCE713BD}.Release|x64.ActiveCfg = Release|x64
		{777B5C57-6597-4D7B-BA41-575FBCE713BD}.Release|x64.Build.0 = Release|x64
		{777B5C57-6597-4D7B-BA41-575FBCE713BD}.Release|x86.ActiveCfg = Release|Win32
		{777B5C57-6597-4D7B-BA41-575FBCE713BD}.Release|x86.Build.0 = Release|Win32
		{C9A4D1FF-C0D9-4AA0-BE6E-4F72484CBCE8}.Debug|x64.ActiveCfg = Debug|x64
		{C9A4D1FF-C0D9-4AA0-BE6E-4F72484CBCE8}.Debug|x64.Build.0 = Debug|x64
		{C9A4D1FF-C0D9-4AA0-BE6E-4F72484CBCE8}.Debug|x86.ActiveCfg = Debug|Win32
		{C9A4D1FF-C0D9-4AA0-BE6E-4F72484CBCE8}.Debug|x86.Build.0 = Debug|Win32
		{C9A4D1FF-C0D9-4AA0-BE6E-4F72484CBCE8}.Release|x64.ActiveCfg = Release|x64
		{C9A4D1FF-C0D9-4AA0-BE6E-4F72484CBCE8}.Release|x64.Build.0 = Release|x64
		{C9A4D1FF-C0D9-4AA0-BE6E-4F72484CBCE8}.Release|x86.ActiveCfg = Release|Win32
		{C9A4D1FF-C0D9-4AA0-BE6E-4F72484CBCE8}.Release|x86.Build.0 = Release|Win32
		{E227B1AB-00F9-4A3F-993B-14E7EF0977B3}.Debug|x64.ActiveCfg = Debug|x64
		{E227B1AB-00F9-4A3F-993B-14E7EF0977B3}.Debug|x64.Build.0 = Debug|x64
		{E227B1AB-00F9-4A3F-993B-14E7EF0977B3}.Debug|x86.ActiveCfg = Debug|Win32
		{E227B1AB-00F9-4A3F-993B-14E7EF0977B3}.Debug|x86.Build.0 = Debug|Win32
		{E227B1AB-00F9-4A3F-993B-14E7EF0977B3}.Release|x64.ActiveCfg = Release|x64
		{E227B1AB-00F9-4A3F-993B-14E7EF0977B3}.Release|x64.Build.0 = Release|x64
		{E227B1AB-00F9-4A3F-993B-14E7EF0977B3}.Release|x86.ActiveCfg = Release|Win32
		{E227B1AB-00F9-4A3F-993B-14E7EF0977B3}.Release|x86.Build.0 = Release|Win32
		{B12E3425-3787-47AE-B595-019BE3E38F32}.Debug|x64.ActiveCfg = Debug|x64
		{B12E3425-3787-47AE-B595-019BE3E38F32}.Debug|x64.Build.0 = Debug|x64
		{B12E3425-3787-47AE-B595-019BE3E38F32}.Debug|x86.ActiveCfg = Debug|Win32
		{B12E3425-3787-47AE-B595-019BE3E38F32}.Debug|x86.Build.0 = Debug|Win32
		{B12E3425-3787-47AE-B595-019BE3E38F32}.Release|x64.ActiveCfg = Release|x64
		{B12E3425-3787-47AE-B595-019BE3E38F32}.Release|x64.Build.0 = Release|x64
		{B12E3425-3787-47AE-B595-019BE3E38F32}.Release|x86.ActiveCfg = Release|Win32
		{B12E3425-3787-47AE-B595-019BE3E38F32}.Release|x86.Build.0 = Release|Win32
		{D568FB1D-18DE-4632-9651-B22C94DBD493}.Debug|x64.ActiveCfg = Debug|x64
		{D568FB1D-18DE-4632-9651-B22C94DBD493}.Debug|x64.Build.0 = Debug|x64
		{D568FB1D-18DE-4632-9651-B22C94DBD493}.Debug|x86.ActiveCfg = Debug|Win32
		{D568FB1D-18DE-4632-9651-B22C94DBD493}.Debug|x86.Build.0 = Debug|Win32
		{D568FB1D-18DE-4632-9651-B22C94DBD493}.Release|x64.ActiveCfg = Release|x64
		{D568FB1D-18DE-4632-9651-B22C94DBD493}.Release|x64.Build.0 = Release|x64
		{D568FB1D-18DE-4632-9651-B22C94DBD493}.Release|x86.ActiveCfg = Release|Win32
		{D568FB1D-18DE-4632-9651-B22C94DBD493}.Release|x86.Build.0 = Release|Win32
		{F02337B5-B589-4909-9E17-FC89AA82C7B1}.Debug|x64.ActiveCfg = Debug|x64
		{F02337B5-B589-4909-9E17-FC89AA82C7B1}.Debug|x64.Build.0 = Debug|x64
		{F02337B5-B589-4909-9E17-FC89AA82C7B1}.Debug|x86.ActiveCfg = Debug|Win32
		{F02337B5-B589-4909-9E17-FC89AA82C7B1}.Debug|x86.Build.0 = Debug|Win32
		{F02337B5-B589-4909-9E17-FC89AA82C7B1}.Release|x64.ActiveCfg = Release|x64
		{F02337B5-B589-4909-9E17-FC89AA82C7B1}.Release|x64.Build.0 = Release|x64
		{F02337B5-B589-4909-9E17-FC89AA82C7B1}.Release|x86.ActiveCfg = Release|Win32
		{F02337B5-B589-4909-9E17-FC89AA82C7B1}.Release|x86.Build.0 = Release|Win32
		{09BF8C61-E6D4-438E-8CB2-EF0373DDBCF1}.Debug|x64.ActiveCfg = Debug|x64
		{09BF8C61-E6D4-438E-8CB2-EF0373DDBCF1}.Debug|x64.Build.0 = Debug|x64
		{09BF8C61-E6D4-438E-8CB2-EF0373DDBCF1}.Debug|x86.ActiveCfg = Debug|Win32
		{09BF8C61-E6D4-438E-8CB2-EF0373DDBCF1}.Debug|x86.Build.0 = Debug|Win32
		{09BF8C61-E6D4-438E-8CB2-EF0373DDBCF1}.Release|x64.ActiveCfg = Release|x64
		{09BF8C61-E6D4-438E-8CB2-EF0373DDBCF1}.Release|x64.Build.0 = Release|x64
		{09BF8C61-E6D4-438E-8CB2-EF0373DDBCF1}.Release|x86.ActiveCfg = Release|Win32
		{09BF8C61-E6D4-438E-8CB2-EF0373DDBCF1}.Release|x86.Build.0 = Release|Win32
		{E9E0B666-6CB6-4CA1-8783-F3E74653F09B}.Debug|x64.ActiveCfg = Debug|x64
		{E9E0B666-6CB6-4CA1-8783-F3E74653F09B}.Debug|x64.Build.0 = Debug|x64
		{E9E0B666-6CB6-4CA1-8783-F3E74653F09B}.Debug|x86.ActiveCfg = Debug|Win32
		{E9E0B666-6CB6-4CA1-8783-F3E74653F09B}.Debug|x86.Build.0 = Debug|Win32
		{E9E0B666-6CB6-4CA1-8783-F3E74653F09B}.Release|x64.ActiveCfg = Release|x64
		{E9E0B666-6CB6-4CA1-8783-F3E74653F09B}.Release|x64.Build.0 = Release|x64
		{E9E0B666-6CB6-4CA1-8783-F3E74653F09B}.Release|x86.ActiveCfg = Release|Win32
		{E9E0B666-6CB6-4CA1-8783-F3E74653F09B}.Release|x86.Build.0 = Release|Win32
		{733804B2-A062-4EBD-ABB0-7100DF4D24B7}.Debug|x64.ActiveCfg = Debug|x64
		{733804B2-A062-4EBD-ABB0-7100DF4D24B7}.Debug|x64.Build.0 = Debug|x64
		{733804B2-A062-4EBD-ABB0-7100DF4D24B7}.Debug|x86.ActiveCfg = Debug|Win32
		{733804B2-A062-4EBD-ABB0-7100DF4D24B7}.Debug|x86.Build.0 = Debug|Win32
		{733804B2-A062-4EBD-ABB0-7100DF4D24B7}.Release|x64.ActiveCfg = Release|x64
		{733804B2-A062-4EBD-ABB0-7100DF4D24B7}.Release|x64.Build.0 = Release|x64
		{733804B2-A062-4EBD-ABB0-7100DF4D24B7}.Release|x86.ActiveCfg = Release|Win32
		{733804B2-A062-4EBD-ABB0-7100DF4D24B7}.Release|x86.Build.0 = Release|Win32
		{F4C9342D-2617-4E64-949B-8DAA88492BB1}.Debug|x64.ActiveCfg = Debug|x64
		{F4C9342D-2617-4E64-949B-8DAA88492BB1}.Debug|x64.Build.0 = Debug|x64
		{F4C9342D-2617-4E64-949B-8DAA88492BB1}.Debug|x86.ActiveCfg = Debug|Win32
		{F4C9342D-2617-4E64-949B-8DAA88492BB1}.Debug|x86.Build.0 = Debug|Win32
		{F4C9342D-2617-4E64-949B-8DAA88492BB1}.Release|x64.ActiveCfg = Release|x64
		{F4C9342D-2617-4E64-949B-8DAA88492BB1}.Release|x64.Build.0 = Release|x64
		{F4C9342D-2617-4E64-949B-8DAA88492BB1}.Release|x86.ActiveCfg = Release|Win32
		{F4C9342D-2617-4E64-949B-8DAA88492BB1}.Release|x86.Build.0 = Release|Win32
		{85988ADF-1949-44F5-A53A-404A9DB56917}.Debug|x64.ActiveCfg = Debug|x64
		{85988ADF-1949-44F5-A53A-404A9DB56917}.Debug|x64.Build.0 = Debug|x64
		{85988ADF-1949-44F5-A53A-404A9DB56917}.Debug|x86.ActiveCfg = Debug|Win32
		{85988ADF-1949-44F5-A53A-404A9DB56917}.Debug|x86.Build.0 = Debug|Win32
		{85988ADF-1949-44F5-A53A-404A9DB56917}.Release|x64.ActiveCfg = Release|x64
		{85988ADF-1949-44F5-A53A-404A9DB56917}.Release|x64.Build.0 = Release|x64
		{85988ADF-1949-44F5-A53A-404A9DB56917}.Release|x86.ActiveCfg = Release|Win32
		{85988ADF-1949-44F5-A53A-404A9DB56917}.Release|x86.Build.0 = Release|Win32
		{B7C3DE99-9F43-4A7A-A110-B30F5C3C2615}.Debug|x64.ActiveCfg = Debug|x64
		{B7C3DE99-9F43-4A7A-A110-B30F5C3C2615}.Debug|x64.Build.0 = Debug|x64
		{B7C3DE99-9F43-4A7A-A110-B30F5C3C2615}.Debug|x86.ActiveCfg = Debug|Win32
		{B7C3DE99-9F43-4A7A-A110-B30F5C3C2615}.Debug|x86.Build.0 = Debug|Win32
		{B7C3DE99-9F43-4A7A-A110-B30F5C3C2615}.Release|x64.ActiveCfg = Release|x64
		{B7C3DE99-9F43-4A7A-A110-B30F5C3C2615}.Release|x64.Build.0 = Release|x64
		{B7C3DE99-9F43-4A7A-A110-B30F5C3C2615}.Release|x86.ActiveCfg = Release|Win32
		{B7C3DE99-9F43-4A7A-A110-B30F5C3C2615}.Release|x86.Build.0 = Release|Win32
		{C52189B9-8238-4D99-8799-79ADF7D75064}.Debug|x64.ActiveCfg = Debug|x64
		{C52189B9-8238-4D99-8799-79ADF7D75064}.Debug|x64.Build.0 = Debug|x64
		{C52189B9-8238-4D99-8799-79ADF7D75064}.Debug|x86.ActiveCfg = Debug|Win32
		{C52189B9-8238-4D99-8799-79ADF7D75064}.Debug|x86.Build.0 = Debug|Win32
		{C52189B9-8238-4D99-8799-79ADF7D75064}.Release|x64.ActiveCfg = Release|x64
		{C52189B9-8238-4D99-8799-79ADF7D75064}.Release|x64.Build.0 = Release|x64
		{C52189B9-8238-4D99-8799-79ADF7D75064}.Release|x86.ActiveCfg = Release|Win32
		{C52189B9-8238-4D99-8799-79ADF7D75064}.Release|x86.Build.0 = Release|Win32
		{EB9DB6C7-09BA-4DFC-A920-10996212E11E}.Debug|x64.ActiveCfg = Debug|x64
		{EB9DB6C7-09BA-4DFC-A920-10996212E11E}.Debug|x64.Build.0 = Debug|x64
		{EB9DB6C7-09BA-4DFC-A920-10996212E11E}.Debug|x86.ActiveCfg = Debug|Win32
		{EB9DB6C7-09BA-4DFC-A920-10996212E11E}.Debug|x86.Build.0 = Debug|Win32
		{EB9DB6C7-09BA-4DFC-A920-10996212E11E}.Release|x64.ActiveCfg = Release|x64
		{EB9DB6C7-09BA-4DFC-A920-10996212E11E}.Release|x64.Build.0 = Release|x64
		{EB9DB6C7-09BA-4DFC-A920-10996212E11E}.Release|x86.ActiveCfg = Release|Win32
		{EB9DB6C7-09BA-4DFC-A920-10996212E11E}.Release|x86.Build.0 = Release|Win32
		{DF7DFD3C-0CBD-4A2B-99D7-4B92D0E91B29}.Debug|x64.ActiveCfg = Debug|x64
		{DF7DFD3C-0CBD-4A2B-99D7-4B92D0E91B29}.Debug|x64.Build.0 = Debug|x64
		{DF7DFD3C-0CBD-4A2B-99D7-4B92D0E91B29}.Debug|x86.ActiveCfg = Debug|Win32
		{DF7DFD3C-0CBD-4A2B-99D7-4B92D0E91B29}.Debug|x86.Build.0 = Debug|Win32
		{DF7DFD3C-0CBD-4A2B-99D7-4B92D0E91B29}.Release|x64.ActiveCfg = Release|x64
		{DF7DFD3C-0CBD-4A2B-99D7-4B92D0E91B29}.Release|x64.Build.0 = Release|x64
		{DF7DFD3C-0CBD-4A2B-99D7-4B92D0E91B29}.Release|x86.ActiveCfg = Release|Win32
		{DF7DFD3C-0CBD-4A2B-99D7-4B92D0E91B29}.Release|x86.Build.0 = Release|Win32
		{DF40545E-F1FA-4137-AE56-38E664F39263}.Debug|x64.ActiveCfg = Debug|x64
		{DF40545E-F1FA-4137-AE56-38E664F39263}.Debug|x64.Build.0 = Debug|x64
		{DF40545E-F1FA-4137-AE56-38E664F39263}.Debug|x86.ActiveCfg = Debug|Win32
		{DF40545E-F1FA-4137-AE56-38E664F39263}.Debug|x86.Build.0 = Debug|Win32
		{DF40545E-F1FA-4137-AE56-38E664F39263}.Release|x64.ActiveCfg = Release|x64
		{DF40545E-F1FA-4137-AE56-38E664F39263}.Release|x64.Build.0 = Release|x64
		{DF40545E-F1FA-4137-AE56-38E664F39263}.Release|x86.ActiveCfg = Release|Win32
		{DF40545E-F1FA-4137-AE56-38E664F39263}.Release|x86.Build.0 = Release|Win32
	EndGlobalSection
	GlobalSection(SolutionProperties) = preSolution
		HideSolutionNode = FALSE
	EndGlobalSection
	GlobalSection(NestedProjects) = preSolution
		{0853A967-2DF5-4993-9FCE-5A10815BB02B} = {02EA681E-C7D8-13C7-8484-4AC65E1B71E8}
		{C21FBC9A-7B4A-424C-AA47-E741F0ACA763} = {02EA681E-C7D8-13C7-8484-4AC65E1B71E8}
		{FD3212C9-EC6D-4CC4-94D9-6EFF6F128194} = {02EA681E-C7D8-13C7-8484-4AC65E1B71E8}
		{201BDB86-51AC-43C1-AF0C-D41E0B910819} = {02EA681E-C7D8-13C7-8484-4AC65E1B71E8}
		{929CEF84-8E56-4DE0-B90E-1FFFB62E679D} = {02EA681E-C7D8-13C7-8484-4AC65E1B71E8}
		{D290CE61-77DD-4FF0-BCC3-7FAF9EB97BF9} = {02EA681E-C7D8-13C7-8484-4AC65E1B71E8}
		{05C706F1-403B-40F0-B0C4-D9A4703BD237} = {02EA681E-C7D8-13C7-8484-4AC65E1B71E8}
		{06746519-A8AE-48EE-ACB1-839770ECA636} = {02EA681E-C7D8-13C7-8484-4AC65E1B71E8}
		{6DFE15A8-6188-43F0-8192-1C50C1A5EA42} = {02EA681E-C7D8-13C7-8484-4AC65E1B71E8}
		{07746BD2-9BD1-4742-8033-8A29834972B9} = {02EA681E-C7D8-13C7-8484-4AC65E1B71E8}
		{602DAAAD-7DBA-4608-8C17-9A02C1187E7E} = {02EA681E-C7D8-13C7-8484-4AC65E1B71E8}
		{57627465-4900-48A3-AEFA-BE9756B565C3} = {02EA681E-C7D8-13C7-8484-4AC65E1B71E8}
		{07FC238B-02A9-4B4B-9817-6219A3D7AB12} = {02EA681E-C7D8-13C7-8484-4AC65E1B71E8}
		{B8A4468F-69D0-4F0E-8433-8C3701B746DD} = {02EA681E-C7D8-13C7-8484-4AC65E1B71E8}
		{380111B6-7297-4B25-BE27-D5D0499AEA09} = {02EA681E-C7D8-13C7-8484-4AC65E1B71E8}
		{0A11D084-D570-44CE-B6DD-0F4E51441070} = {02EA681E-C7D8-13C7-8484-4AC65E1B71E8}
		{F0FB097C-1DBE-46F3-86B3-4D91268E0F90} = {02EA681E-C7D8-13C7-8484-4AC65E1B71E8}
		{4BBE2730-2286-4056-9DA1-B67D16BC749B} = {02EA681E-C7D8-13C7-8484-4AC65E1B71E8}
		{D105778E-F591-40A9-BED6-81BC6CBB5DD2} = {02EA681E-C7D8-13C7-8484-4AC65E1B71E8}
		{0A26E800-07C8-4165-AFD6-E603D5BF11CA} = {02EA681E-C7D8-13C7-8484-4AC65E1B71E8}
		{EBD7383D-4318-43A9-8B26-551D1444F53E} = {02EA681E-C7D8-13C7-8484-4AC65E1B71E8}
		{DBEEE338-AB97-41ED-8DE5-0EE0079118CB} = {02EA681E-C7D8-13C7-8484-4AC65E1B71E8}
		{0195479B-3054-406D-9A71-44350420FDD9} = {02EA681E-C7D8-13C7-8484-4AC65E1B71E8}
		{251D1DB7-5E36-4B95-A0ED-52234294DBD4} = {02EA681E-C7D8-13C7-8484-4AC65E1B71E8}
		{6BBCD8E6-DD6D-4B8B-95EE-4FC29BCA0B07} = {6701BE1A-25C0-4BEB-ACA1-8E22C1210265}
		{498CD187-DF49-4265-B8AC-51DCD0FDF996} = {6701BE1A-25C0-4BEB-ACA1-8E22C1210265}
		{5AA2FD85-D307-495A-A2AD-FCA2C4BCFADE} = {6701BE1A-25C0-4BEB-ACA1-8E22C1210265}
		{EE126ED4-379D-4974-882A-1BA9A97B5324} = {6701BE1A-25C0-4BEB-ACA1-8E22C1210265}
		{FEB82A4D-C7CB-401D-935D-83C2EDAB42D0} = {6701BE1A-25C0-4BEB-ACA1-8E22C1210265}
		{A40476EC-C296-4860-8495-A82BDC0B403A} = {6701BE1A-25C0-4BEB-ACA1-8E22C1210265}
		{777B5C57-6597-4D7B-BA41-575FBCE713BD} = {6701BE1A-25C0-4BEB-ACA1-8E22C1210265}
		{C9A4D1FF-C0D9-4AA0-BE6E-4F72484CBCE8} = {6701BE1A-25C0-4BEB-ACA1-8E22C1210265}
		{E227B1AB-00F9-4A3F-993B-14E7EF0977B3} = {6701BE1A-25C0-4BEB-ACA1-8E22C1210265}
		{B12E3425-3787-47AE-B595-019BE3E38F32} = {F7293720-0736-4D33-894B-B0F0D73B902C}
		{D568FB1D-18DE-4632-9651-B22C94DBD493} = {F7293720-0736-4D33-894B-B0F0D73B902C}
		{F02337B5-B589-4909-9E17-FC89AA82C7B1} = {F7293720-0736-4D33-894B-B0F0D73B902C}
		{09BF8C61-E6D4-438E-8CB2-EF0373DDBCF1} = {F7293720-0736-4D33-894B-B0F0D73B902C}
		{E9E0B666-6CB6-4CA1-8783-F3E74653F09B} = {F7293720-0736-4D33-894B-B0F0D73B902C}
		{733804B2-A062-4EBD-ABB0-7100DF4D24B7} = {F7293720-0736-4D33-894B-B0F0D73B902C}
		{F4C9342D-2617-4E64-949B-8DAA88492BB1} = {F7293720-0736-4D33-894B-B0F0D73B902C}
		{85988ADF-1949-44F5-A53A-404A9DB56917} = {F7293720-0736-4D33-894B-B0F0D73B902C}
		{B7C3DE99-9F43-4A7A-A110-B30F5C3C2615} = {F7293720-0736-4D33-894B-B0F0D73B902C}
		{C52189B9-8238-4D99-8799-79ADF7D75064} = {F7293720-0736-4D33-894B-B0F0D73B902C}
		{EB9DB6C7-09BA-4DFC-A920-10996212E11E} = {2309B9B0-80D6-4423-8049-DB1CD68D082A}
		{DF7DFD3C-0CBD-4A2B-99D7-4B92D0E91B29} = {2309B9B0-80D6-4423-8049-DB1CD68D082A}
		{DF40545E-F1FA-4137-AE56-38E664F39263} = {2309B9B0-80D6-4423-8049-DB1CD68D082A}
	EndGlobalSection
	GlobalSection(ExtensibilityGlobals) = postSolution
		SolutionGuid = {164731D1-F142-4204-BAF3-6D344AA09D87}
	EndGlobalSection
EndGlobal
